
Microsoft Visual Studio Solution File, Format Version 12.00
# Visual Studio Version 17
VisualStudioVersion = 17.1.32210.238
MinimumVisualStudioVersion = 10.0.40219.1
Project("{FAE04EC0-301F-11D3-BF4B-00C04F79EFBC}") = "Calander And Appointments", "Calander And Appointments.csproj", "{BDDB6E40-ADC6-4652-B987-8E112237458B}"
EndProject
Global
	GlobalSection(SolutionConfigurationPlatforms) = preSolution
		Debug|Any CPU = Debug|Any CPU
		Release|Any CPU = Release|Any CPU
	EndGlobalSection
	GlobalSection(ProjectConfigurationPlatforms) = postSolution
		{BDDB6E40-ADC6-4652-B987-8E112237458B}.Debug|Any CPU.ActiveCfg = Debug|Any CPU
		{BDDB6E40-ADC6-4652-B987-8E112237458B}.Debug|Any CPU.Build.0 = Debug|Any CPU
		{BDDB6E40-ADC6-4652-B987-8E112237458B}.Release|Any CPU.ActiveCfg = Release|Any CPU
		{BDDB6E40-ADC6-4652-B987-8E112237458B}.Release|Any CPU.Build.0 = Release|Any CPU
	EndGlobalSection
	GlobalSection(SolutionProperties) = preSolution
		HideSolutionNode = FALSE
	EndGlobalSection
	GlobalSection(ExtensibilityGlobals) = postSolution
		SolutionGuid = {E6C6D244-38EF-4F87-AADB-20E131EF0985}
	EndGlobalSection
EndGlobal
