
Microsoft Visual Studio Solution File, Format Version 12.00
# Visual Studio Version 17
VisualStudioVersion = 17.1.32210.238
MinimumVisualStudioVersion = 10.0.40219.1
Project("{FAE04EC0-301F-11D3-BF4B-00C04F79EFBC}") = "Calculator GUI", "Calculator GUI.csproj", "{8D2D25D5-B8F7-4668-A571-52DB0876ED7A}"
EndProject
Global
	GlobalSection(SolutionConfigurationPlatforms) = preSolution
		Debug|Any CPU = Debug|Any CPU
		Release|Any CPU = Release|Any CPU
	EndGlobalSection
	GlobalSection(ProjectConfigurationPlatforms) = postSolution
		{8D2D25D5-B8F7-4668-A571-52DB0876ED7A}.Debug|Any CPU.ActiveCfg = Debug|Any CPU
		{8D2D25D5-B8F7-4668-A571-52DB0876ED7A}.Debug|Any CPU.Build.0 = Debug|Any CPU
		{8D2D25D5-B8F7-4668-A571-52DB0876ED7A}.Release|Any CPU.ActiveCfg = Release|Any CPU
		{8D2D25D5-B8F7-4668-A571-52DB0876ED7A}.Release|Any CPU.Build.0 = Release|Any CPU
	EndGlobalSection
	GlobalSection(SolutionProperties) = preSolution
		HideSolutionNode = FALSE
	EndGlobalSection
	GlobalSection(ExtensibilityGlobals) = postSolution
		SolutionGuid = {75584624-E4DB-4030-8968-A0BE1EC4E142}
	EndGlobalSection
EndGlobal
